<?xml version="1.0" encoding="utf-8"?>
<Project ToolsVersion="4.0" xmlns="http://schemas.microsoft.com/developer/msbuild/2003">
  <ItemGroup>
    <Filter Include="Core">
      <UniqueIdentifier>{38b2229c-69e6-4120-9d46-ade375a909aa}</UniqueIdentifier>
    </Filter>
    <Filter Include="Graphics">
      <UniqueIdentifier>{338c6ca3-de99-4d21-a6c7-6bf25241ee73}</UniqueIdentifier>
    </Filter>
    <Filter Include="Renderer">
      <UniqueIdentifier>{3f70f4f4-7d6c-49a1-86ec-4e98f7cbc154}</UniqueIdentifier>
    </Filter>
    <Filter Include="Engine">
      <UniqueIdentifier>{57bdc903-e5b5-4dfd-be71-fb209f4f9029}</UniqueIdentifier>
    </Filter>
    <Filter Include="Engine\Component">
      <UniqueIdentifier>{f9456f4a-5848-4d06-b135-a12814fd6bc6}</UniqueIdentifier>
    </Filter>
  </ItemGroup>
  <ItemGroup>
    <ClCompile Include="X\Core\Win32Native.cpp">
      <Filter>Core</Filter>
    </ClCompile>
    <ClCompile Include="main.cpp" />
    <ClCompile Include="X\Graphics\Graphic.cpp">
      <Filter>Graphics</Filter>
    </ClCompile>
    <ClCompile Include="X\Renderer\Renderer.cpp">
      <Filter>Renderer</Filter>
    </ClCompile>
    <ClCompile Include="X\Renderer\Scene.cpp">
      <Filter>Renderer</Filter>
    </ClCompile>
    <ClCompile Include="X\Engine\Component.cpp">
      <Filter>Engine</Filter>
    </ClCompile>
    <ClCompile Include="X\Engine\Object.cpp">
      <Filter>Engine</Filter>
    </ClCompile>
    <ClCompile Include="X\Engine\Component\Camera.cpp">
      <Filter>Engine\Component</Filter>
    </ClCompile>
    <ClCompile Include="X\Engine\Component\Transform.cpp">
      <Filter>Engine\Component</Filter>
    </ClCompile>
    <ClCompile Include="X\Engine\GameObject.cpp">
      <Filter>Engine</Filter>
    </ClCompile>
    <ClCompile Include="X\Engine\Timer.cpp">
      <Filter>Engine</Filter>
    </ClCompile>
    <ClCompile Include="X\Engine\Component\Mesh.cpp">
      <Filter>Engine\Component</Filter>
    </ClCompile>
    <ClCompile Include="X\Engine\Component\DXMesh.cpp">
      <Filter>Engine\Component</Filter>
    </ClCompile>
    <ClCompile Include="X\Graphics\GraphicD3D9.cpp">
      <Filter>Graphics</Filter>
    </ClCompile>
  </ItemGroup>
  <ItemGroup>
    <ClInclude Include="X\Core\Win32Native.h">
      <Filter>Core</Filter>
    </ClInclude>
    <ClInclude Include="X\Graphics\Graphic.h">
      <Filter>Graphics</Filter>
    </ClInclude>
    <ClInclude Include="X\Renderer\Renderer.h">
      <Filter>Renderer</Filter>
    </ClInclude>
    <ClInclude Include="X\Renderer\Scene.h">
      <Filter>Renderer</Filter>
    </ClInclude>
    <ClInclude Include="X\Engine\Component.h">
      <Filter>Engine</Filter>
    </ClInclude>
    <ClInclude Include="X\Engine\Object.h">
      <Filter>Engine</Filter>
    </ClInclude>
    <ClInclude Include="X\Engine\Component\Camera.h">
      <Filter>Engine\Component</Filter>
    </ClInclude>
    <ClInclude Include="X\Engine\Component\Transform.h">
      <Filter>Engine\Component</Filter>
    </ClInclude>
    <ClInclude Include="X\Engine\GameObject.h">
      <Filter>Engine</Filter>
    </ClInclude>
    <ClInclude Include="X\Engine\Timer.h">
      <Filter>Engine</Filter>
    </ClInclude>
    <ClInclude Include="X\Engine\Component\Mesh.h">
      <Filter>Engine\Component</Filter>
    </ClInclude>
    <ClInclude Include="X\Engine\Component\DXMesh.h">
      <Filter>Engine\Component</Filter>
    </ClInclude>
    <ClInclude Include="X\Core\Debug.h">
      <Filter>Core</Filter>
    </ClInclude>
    <ClInclude Include="X\Graphics\GraphicD3D9.h">
      <Filter>Graphics</Filter>
    </ClInclude>
  </ItemGroup>
</Project>